
Microsoft Visual Studio Solution File, Format Version 12.00
# Visual Studio 15
VisualStudioVersion = 15.0.27703.2026
MinimumVisualStudioVersion = 10.0.40219.1
Project("{FAE04EC0-301F-11D3-BF4B-00C04F79EFBC}") = "DVCS-Exercise", "DVCS-Exercise\DVCS-Exercise.csproj", "{4FD13FED-BEC0-4EBD-91D4-A128B7B7C063}"
EndProject
Global
	GlobalSection(SolutionConfigurationPlatforms) = preSolution
		Debug|Any CPU = Debug|Any CPU
		Release|Any CPU = Release|Any CPU
	EndGlobalSection
	GlobalSection(ProjectConfigurationPlatforms) = postSolution
		{4FD13FED-BEC0-4EBD-91D4-A128B7B7C063}.Debug|Any CPU.ActiveCfg = Debug|Any CPU
		{4FD13FED-BEC0-4EBD-91D4-A128B7B7C063}.Debug|Any CPU.Build.0 = Debug|Any CPU
		{4FD13FED-BEC0-4EBD-91D4-A128B7B7C063}.Release|Any CPU.ActiveCfg = Release|Any CPU
		{4FD13FED-BEC0-4EBD-91D4-A128B7B7C063}.Release|Any CPU.Build.0 = Release|Any CPU
	EndGlobalSection
	GlobalSection(SolutionProperties) = preSolution
		HideSolutionNode = FALSE
	EndGlobalSection
	GlobalSection(ExtensibilityGlobals) = postSolution
		SolutionGuid = {150F3454-077B-424B-8FCF-4FE761C82BE4}
	EndGlobalSection
EndGlobal
